
Microsoft Visual Studio Solution File, Format Version 12.00
# Visual Studio Version 17
VisualStudioVersion = 17.1.32210.238
MinimumVisualStudioVersion = 10.0.40219.1
Project("{9A19103F-16F7-4668-BE54-9A1E7A4F7556}") = "E01", "E01\E01.csproj", "{E255A70F-8F17-4F69-AD25-CF0090E8B29D}"
EndProject
Project("{9A19103F-16F7-4668-BE54-9A1E7A4F7556}") = "E02", "E02\E02.csproj", "{A7847F18-1E9C-447E-8F54-D70A2435DD1F}"
EndProject
Project("{9A19103F-16F7-4668-BE54-9A1E7A4F7556}") = "E03", "E03\E03.csproj", "{E067675F-18BC-4930-8E6F-C762EC8B07ED}"
EndProject
Project("{9A19103F-16F7-4668-BE54-9A1E7A4F7556}") = "E04", "E04\E04.csproj", "{AF88D969-5DF0-4E03-AF75-172677C1B8CD}"
EndProject
Project("{9A19103F-16F7-4668-BE54-9A1E7A4F7556}") = "E05", "E05\E05.csproj", "{2E7678F3-9FBE-4BA2-9AAF-3DA2D07D47D1}"
EndProject
Project("{9A19103F-16F7-4668-BE54-9A1E7A4F7556}") = "E06", "E06\E06.csproj", "{B77AD1DD-9BDD-4481-9DB6-9A5A2FCE72AC}"
EndProject
Project("{9A19103F-16F7-4668-BE54-9A1E7A4F7556}") = "E07", "E07\E07.csproj", "{80ACA092-8658-48E0-8AB1-5363FD94B1D4}"
EndProject
Project("{FAE04EC0-301F-11D3-BF4B-00C04F79EFBC}") = "E08", "E08\E08.csproj", "{E4A340DE-9F00-4C74-B12F-F4F9CB37A74B}"
EndProject
Project("{FAE04EC0-301F-11D3-BF4B-00C04F79EFBC}") = "E09", "E09\E09.csproj", "{2BA7648A-3878-4C76-BD1E-74A73867C761}"
EndProject
Project("{FAE04EC0-301F-11D3-BF4B-00C04F79EFBC}") = "E10", "E10\E10.csproj", "{98F811A8-62A7-4BE7-B439-387054305986}"
EndProject
Global
	GlobalSection(SolutionConfigurationPlatforms) = preSolution
		Debug|Any CPU = Debug|Any CPU
		Release|Any CPU = Release|Any CPU
	EndGlobalSection
	GlobalSection(ProjectConfigurationPlatforms) = postSolution
		{E255A70F-8F17-4F69-AD25-CF0090E8B29D}.Debug|Any CPU.ActiveCfg = Debug|Any CPU
		{E255A70F-8F17-4F69-AD25-CF0090E8B29D}.Debug|Any CPU.Build.0 = Debug|Any CPU
		{E255A70F-8F17-4F69-AD25-CF0090E8B29D}.Release|Any CPU.ActiveCfg = Release|Any CPU
		{E255A70F-8F17-4F69-AD25-CF0090E8B29D}.Release|Any CPU.Build.0 = Release|Any CPU
		{A7847F18-1E9C-447E-8F54-D70A2435DD1F}.Debug|Any CPU.ActiveCfg = Debug|Any CPU
		{A7847F18-1E9C-447E-8F54-D70A2435DD1F}.Debug|Any CPU.Build.0 = Debug|Any CPU
		{A7847F18-1E9C-447E-8F54-D70A2435DD1F}.Release|Any CPU.ActiveCfg = Release|Any CPU
		{A7847F18-1E9C-447E-8F54-D70A2435DD1F}.Release|Any CPU.Build.0 = Release|Any CPU
		{E067675F-18BC-4930-8E6F-C762EC8B07ED}.Debug|Any CPU.ActiveCfg = Debug|Any CPU
		{E067675F-18BC-4930-8E6F-C762EC8B07ED}.Debug|Any CPU.Build.0 = Debug|Any CPU
		{E067675F-18BC-4930-8E6F-C762EC8B07ED}.Release|Any CPU.ActiveCfg = Release|Any CPU
		{E067675F-18BC-4930-8E6F-C762EC8B07ED}.Release|Any CPU.Build.0 = Release|Any CPU
		{AF88D969-5DF0-4E03-AF75-172677C1B8CD}.Debug|Any CPU.ActiveCfg = Debug|Any CPU
		{AF88D969-5DF0-4E03-AF75-172677C1B8CD}.Debug|Any CPU.Build.0 = Debug|Any CPU
		{AF88D969-5DF0-4E03-AF75-172677C1B8CD}.Release|Any CPU.ActiveCfg = Release|Any CPU
		{AF88D969-5DF0-4E03-AF75-172677C1B8CD}.Release|Any CPU.Build.0 = Release|Any CPU
		{2E7678F3-9FBE-4BA2-9AAF-3DA2D07D47D1}.Debug|Any CPU.ActiveCfg = Debug|Any CPU
		{2E7678F3-9FBE-4BA2-9AAF-3DA2D07D47D1}.Debug|Any CPU.Build.0 = Debug|Any CPU
		{2E7678F3-9FBE-4BA2-9AAF-3DA2D07D47D1}.Release|Any CPU.ActiveCfg = Release|Any CPU
		{2E7678F3-9FBE-4BA2-9AAF-3DA2D07D47D1}.Release|Any CPU.Build.0 = Release|Any CPU
		{B77AD1DD-9BDD-4481-9DB6-9A5A2FCE72AC}.Debug|Any CPU.ActiveCfg = Debug|Any CPU
		{B77AD1DD-9BDD-4481-9DB6-9A5A2FCE72AC}.Debug|Any CPU.Build.0 = Debug|Any CPU
		{B77AD1DD-9BDD-4481-9DB6-9A5A2FCE72AC}.Release|Any CPU.ActiveCfg = Release|Any CPU
		{B77AD1DD-9BDD-4481-9DB6-9A5A2FCE72AC}.Release|Any CPU.Build.0 = Release|Any CPU
		{80ACA092-8658-48E0-8AB1-5363FD94B1D4}.Debug|Any CPU.ActiveCfg = Debug|Any CPU
		{80ACA092-8658-48E0-8AB1-5363FD94B1D4}.Debug|Any CPU.Build.0 = Debug|Any CPU
		{80ACA092-8658-48E0-8AB1-5363FD94B1D4}.Release|Any CPU.ActiveCfg = Release|Any CPU
		{80ACA092-8658-48E0-8AB1-5363FD94B1D4}.Release|Any CPU.Build.0 = Release|Any CPU
		{E4A340DE-9F00-4C74-B12F-F4F9CB37A74B}.Debug|Any CPU.ActiveCfg = Debug|Any CPU
		{E4A340DE-9F00-4C74-B12F-F4F9CB37A74B}.Debug|Any CPU.Build.0 = Debug|Any CPU
		{E4A340DE-9F00-4C74-B12F-F4F9CB37A74B}.Release|Any CPU.ActiveCfg = Release|Any CPU
		{E4A340DE-9F00-4C74-B12F-F4F9CB37A74B}.Release|Any CPU.Build.0 = Release|Any CPU
		{2BA7648A-3878-4C76-BD1E-74A73867C761}.Debug|Any CPU.ActiveCfg = Debug|Any CPU
		{2BA7648A-3878-4C76-BD1E-74A73867C761}.Debug|Any CPU.Build.0 = Debug|Any CPU
		{2BA7648A-3878-4C76-BD1E-74A73867C761}.Release|Any CPU.ActiveCfg = Release|Any CPU
		{2BA7648A-3878-4C76-BD1E-74A73867C761}.Release|Any CPU.Build.0 = Release|Any CPU
		{98F811A8-62A7-4BE7-B439-387054305986}.Debug|Any CPU.ActiveCfg = Debug|Any CPU
		{98F811A8-62A7-4BE7-B439-387054305986}.Debug|Any CPU.Build.0 = Debug|Any CPU
		{98F811A8-62A7-4BE7-B439-387054305986}.Release|Any CPU.ActiveCfg = Release|Any CPU
		{98F811A8-62A7-4BE7-B439-387054305986}.Release|Any CPU.Build.0 = Release|Any CPU
	EndGlobalSection
	GlobalSection(SolutionProperties) = preSolution
		HideSolutionNode = FALSE
	EndGlobalSection
	GlobalSection(ExtensibilityGlobals) = postSolution
		SolutionGuid = {8A741A1E-9395-4366-9430-7300E4B272FF}
	EndGlobalSection
EndGlobal
